
Microsoft Visual Studio Solution File, Format Version 12.00
# Visual Studio Version 17
VisualStudioVersion = 17.6.33829.357
MinimumVisualStudioVersion = 10.0.40219.1
Project("{2150E333-8FDC-42A3-9474-1A3956D46DE8}") = "src", "src", "{35C1A5BD-A8CF-4621-B475-4B2B8B88C228}"
EndProject
Project("{FAE04EC0-301F-11D3-BF4B-00C04F79EFBC}") = "CloudShapes.Application", "src\CloudShapes.Application\CloudShapes.Application.csproj", "{D592C231-B9C0-4311-8F7B-C4423704EA91}"
EndProject
Project("{FAE04EC0-301F-11D3-BF4B-00C04F79EFBC}") = "CloudShapes.Api", "src\CloudShapes.Api\CloudShapes.Api.csproj", "{22630C45-4038-4FE6-A53E-741ECF63D1E9}"
EndProject
Project("{2150E333-8FDC-42A3-9474-1A3956D46DE8}") = "deployments", "deployments", "{4CB30F1E-DA0E-4FE4-8BE8-5D43EA052A0D}"
EndProject
Project("{E53339B2-1760-4266-BCC7-CA923CBCF16C}") = "docker-compose", "deployments\docker-compose\docker-compose.dcproj", "{31863D2D-FD33-4365-A004-20A62D2BE20C}"
EndProject
Project("{FAE04EC0-301F-11D3-BF4B-00C04F79EFBC}") = "CloudShapes.Data", "src\CloudShapes.Data\CloudShapes.Data.csproj", "{D25BA44B-B95E-4999-B72F-1BFD7E436ED6}"
EndProject
Project("{2150E333-8FDC-42A3-9474-1A3956D46DE8}") = "docs", "docs", "{2D197434-818A-41DD-992C-7778D51808B8}"
	ProjectSection(SolutionItems) = preProject
		CODE_OF_CONDUCT.md = CODE_OF_CONDUCT.md
		CONTRIBUTING.md = CONTRIBUTING.md
		LICENSE = LICENSE
		README.md = README.md
		SECURITY.md = SECURITY.md
	EndProjectSection
EndProject
Project("{2150E333-8FDC-42A3-9474-1A3956D46DE8}") = ".github", ".github", "{CC530B6A-334D-44F3-A757-A57C66F5596D}"
	ProjectSection(SolutionItems) = preProject
		config.yml = config.yml
		.github\PULL_REQUEST_TEMPLATE.md = .github\PULL_REQUEST_TEMPLATE.md
	EndProjectSection
EndProject
Project("{2150E333-8FDC-42A3-9474-1A3956D46DE8}") = "workflows", "workflows", "{1EEF9640-03FC-40B7-856C-41F2676537D7}"
	ProjectSection(SolutionItems) = preProject
		build.yml = build.yml
		test.yml = test.yml
	EndProjectSection
EndProject
Project("{2150E333-8FDC-42A3-9474-1A3956D46DE8}") = "ISSUE_TEMPLATE", "ISSUE_TEMPLATE", "{54AD138E-F022-445E-8E41-10E791963BDD}"
	ProjectSection(SolutionItems) = preProject
		.github\ISSUE_TEMPLATE\bug.yml = .github\ISSUE_TEMPLATE\bug.yml
		.github\ISSUE_TEMPLATE\feature.yml = .github\ISSUE_TEMPLATE\feature.yml
	EndProjectSection
EndProject
Project("{FAE04EC0-301F-11D3-BF4B-00C04F79EFBC}") = "CloudShapes.Dashboard", "src\CloudShapes.Dashboard\CloudShapes.Dashboard.csproj", "{15627F7B-2657-4CC7-AA3A-ADCA9E84F9BB}"
EndProject
Project("{FAE04EC0-301F-11D3-BF4B-00C04F79EFBC}") = "CloudShapes.Dashboard.StateManagement", "src\CloudShapes.Dashboard.StateManagement\CloudShapes.Dashboard.StateManagement.csproj", "{06BD34FB-FE3C-4CB3-8153-20FCDCDA54FC}"
EndProject
Project("{FAE04EC0-301F-11D3-BF4B-00C04F79EFBC}") = "CloudShapes.Api.Client", "src\CloudShapes.Api.Client\CloudShapes.Api.Client.csproj", "{B88DA266-5507-4A0B-9A8F-E3E012281EB3}"
EndProject
Project("{FAE04EC0-301F-11D3-BF4B-00C04F79EFBC}") = "CloudShapes.Application.Integration", "src\CloudShapes.Application.Integration\CloudShapes.Application.Integration.csproj", "{1CC85C13-748C-4D4D-8BB5-C2C32B66983C}"
EndProject
Global
	GlobalSection(SolutionConfigurationPlatforms) = preSolution
		Debug|Any CPU = Debug|Any CPU
		Release|Any CPU = Release|Any CPU
	EndGlobalSection
	GlobalSection(ProjectConfigurationPlatforms) = postSolution
		{D592C231-B9C0-4311-8F7B-C4423704EA91}.Debug|Any CPU.ActiveCfg = Debug|Any CPU
		{D592C231-B9C0-4311-8F7B-C4423704EA91}.Debug|Any CPU.Build.0 = Debug|Any CPU
		{D592C231-B9C0-4311-8F7B-C4423704EA91}.Release|Any CPU.ActiveCfg = Release|Any CPU
		{D592C231-B9C0-4311-8F7B-C4423704EA91}.Release|Any CPU.Build.0 = Release|Any CPU
		{22630C45-4038-4FE6-A53E-741ECF63D1E9}.Debug|Any CPU.ActiveCfg = Debug|Any CPU
		{22630C45-4038-4FE6-A53E-741ECF63D1E9}.Debug|Any CPU.Build.0 = Debug|Any CPU
		{22630C45-4038-4FE6-A53E-741ECF63D1E9}.Release|Any CPU.ActiveCfg = Release|Any CPU
		{22630C45-4038-4FE6-A53E-741ECF63D1E9}.Release|Any CPU.Build.0 = Release|Any CPU
		{31863D2D-FD33-4365-A004-20A62D2BE20C}.Debug|Any CPU.ActiveCfg = Debug|Any CPU
		{31863D2D-FD33-4365-A004-20A62D2BE20C}.Debug|Any CPU.Build.0 = Debug|Any CPU
		{31863D2D-FD33-4365-A004-20A62D2BE20C}.Release|Any CPU.ActiveCfg = Release|Any CPU
		{31863D2D-FD33-4365-A004-20A62D2BE20C}.Release|Any CPU.Build.0 = Release|Any CPU
		{D25BA44B-B95E-4999-B72F-1BFD7E436ED6}.Debug|Any CPU.ActiveCfg = Debug|Any CPU
		{D25BA44B-B95E-4999-B72F-1BFD7E436ED6}.Debug|Any CPU.Build.0 = Debug|Any CPU
		{D25BA44B-B95E-4999-B72F-1BFD7E436ED6}.Release|Any CPU.ActiveCfg = Release|Any CPU
		{D25BA44B-B95E-4999-B72F-1BFD7E436ED6}.Release|Any CPU.Build.0 = Release|Any CPU
		{15627F7B-2657-4CC7-AA3A-ADCA9E84F9BB}.Debug|Any CPU.ActiveCfg = Debug|Any CPU
		{15627F7B-2657-4CC7-AA3A-ADCA9E84F9BB}.Debug|Any CPU.Build.0 = Debug|Any CPU
		{15627F7B-2657-4CC7-AA3A-ADCA9E84F9BB}.Release|Any CPU.ActiveCfg = Release|Any CPU
		{15627F7B-2657-4CC7-AA3A-ADCA9E84F9BB}.Release|Any CPU.Build.0 = Release|Any CPU
		{06BD34FB-FE3C-4CB3-8153-20FCDCDA54FC}.Debug|Any CPU.ActiveCfg = Debug|Any CPU
		{06BD34FB-FE3C-4CB3-8153-20FCDCDA54FC}.Debug|Any CPU.Build.0 = Debug|Any CPU
		{06BD34FB-FE3C-4CB3-8153-20FCDCDA54FC}.Release|Any CPU.ActiveCfg = Release|Any CPU
		{06BD34FB-FE3C-4CB3-8153-20FCDCDA54FC}.Release|Any CPU.Build.0 = Release|Any CPU
		{B88DA266-5507-4A0B-9A8F-E3E012281EB3}.Debug|Any CPU.ActiveCfg = Debug|Any CPU
		{B88DA266-5507-4A0B-9A8F-E3E012281EB3}.Debug|Any CPU.Build.0 = Debug|Any CPU
		{B88DA266-5507-4A0B-9A8F-E3E012281EB3}.Release|Any CPU.ActiveCfg = Release|Any CPU
		{B88DA266-5507-4A0B-9A8F-E3E012281EB3}.Release|Any CPU.Build.0 = Release|Any CPU
		{1CC85C13-748C-4D4D-8BB5-C2C32B66983C}.Debug|Any CPU.ActiveCfg = Debug|Any CPU
		{1CC85C13-748C-4D4D-8BB5-C2C32B66983C}.Debug|Any CPU.Build.0 = Debug|Any CPU
		{1CC85C13-748C-4D4D-8BB5-C2C32B66983C}.Release|Any CPU.ActiveCfg = Release|Any CPU
		{1CC85C13-748C-4D4D-8BB5-C2C32B66983C}.Release|Any CPU.Build.0 = Release|Any CPU
	EndGlobalSection
	GlobalSection(SolutionProperties) = preSolution
		HideSolutionNode = FALSE
	EndGlobalSection
	GlobalSection(NestedProjects) = preSolution
		{D592C231-B9C0-4311-8F7B-C4423704EA91} = {35C1A5BD-A8CF-4621-B475-4B2B8B88C228}
		{22630C45-4038-4FE6-A53E-741ECF63D1E9} = {35C1A5BD-A8CF-4621-B475-4B2B8B88C228}
		{31863D2D-FD33-4365-A004-20A62D2BE20C} = {4CB30F1E-DA0E-4FE4-8BE8-5D43EA052A0D}
		{D25BA44B-B95E-4999-B72F-1BFD7E436ED6} = {35C1A5BD-A8CF-4621-B475-4B2B8B88C228}
		{1EEF9640-03FC-40B7-856C-41F2676537D7} = {CC530B6A-334D-44F3-A757-A57C66F5596D}
		{54AD138E-F022-445E-8E41-10E791963BDD} = {CC530B6A-334D-44F3-A757-A57C66F5596D}
		{15627F7B-2657-4CC7-AA3A-ADCA9E84F9BB} = {35C1A5BD-A8CF-4621-B475-4B2B8B88C228}
		{06BD34FB-FE3C-4CB3-8153-20FCDCDA54FC} = {35C1A5BD-A8CF-4621-B475-4B2B8B88C228}
		{B88DA266-5507-4A0B-9A8F-E3E012281EB3} = {35C1A5BD-A8CF-4621-B475-4B2B8B88C228}
		{1CC85C13-748C-4D4D-8BB5-C2C32B66983C} = {35C1A5BD-A8CF-4621-B475-4B2B8B88C228}
	EndGlobalSection
EndGlobal
